<?xml version="1.0" encoding="utf-8"?>
<Project ToolsVersion="4.0" xmlns="http://schemas.microsoft.com/developer/msbuild/2003">
  <ItemGroup>
    <Filter Include="Source Files">
      <UniqueIdentifier>{4FC737F1-C7A5-4376-A066-2A32D752A2FF}</UniqueIdentifier>
      <Extensions>cpp;c;cc;cxx;def;odl;idl;hpj;bat;asm;asmx</Extensions>
    </Filter>
    <Filter Include="Header Files">
      <UniqueIdentifier>{93995380-89BD-4b04-88EB-625FBE52EBFB}</UniqueIdentifier>
      <Extensions>h;hpp;hxx;hm;inl;inc;xsd</Extensions>
    </Filter>
  </ItemGroup>
  <ItemGroup>
    <ClCompile Include="Buffer.cpp">
      <Filter>Source Files</Filter>
    </ClCompile>
    <ClCompile Include="DepthStencilTargetView.cpp">
      <Filter>Source Files</Filter>
    </ClCompile>
    <ClCompile Include="DeviceView.cpp">
      <Filter>Source Files</Filter>
    </ClCompile>
    <ClCompile Include="GraphicsService.cpp">
      <Filter>Source Files</Filter>
    </ClCompile>
    <ClCompile Include="GraphicsServiceView.cpp">
      <Filter>Source Files</Filter>
    </ClCompile>
    <ClCompile Include="Helper.cpp">
      <Filter>Source Files</Filter>
    </ClCompile>
    <ClCompile Include="RenderTargetView.cpp">
      <Filter>Source Files</Filter>
    </ClCompile>
    <ClCompile Include="ServiceProcess.cpp">
      <Filter>Source Files</Filter>
    </ClCompile>
    <ClCompile Include="ShaderCompiler.cpp">
      <Filter>Source Files</Filter>
    </ClCompile>
    <ClCompile Include="Shaders.cpp">
      <Filter>Source Files</Filter>
    </ClCompile>
    <ClCompile Include="States.cpp">
      <Filter>Source Files</Filter>
    </ClCompile>
    <ClCompile Include="SwapChain.cpp">
      <Filter>Source Files</Filter>
    </ClCompile>
    <ClCompile Include="Texture2d.cpp">
      <Filter>Source Files</Filter>
    </ClCompile>
    <ClCompile Include="VerticesBindingLayout.cpp">
      <Filter>Source Files</Filter>
    </ClCompile>
    <ClCompile Include="WindowBackend.cpp">
      <Filter>Source Files</Filter>
    </ClCompile>
  </ItemGroup>
  <ItemGroup>
    <ClInclude Include="Buffer.h">
      <Filter>Header Files</Filter>
    </ClInclude>
    <ClInclude Include="DepthStencilTargetView.h">
      <Filter>Header Files</Filter>
    </ClInclude>
    <ClInclude Include="DeviceView.h">
      <Filter>Header Files</Filter>
    </ClInclude>
    <ClInclude Include="GraphicsService.h">
      <Filter>Header Files</Filter>
    </ClInclude>
    <ClInclude Include="GraphicsServiceView.h">
      <Filter>Header Files</Filter>
    </ClInclude>
    <ClInclude Include="Helper.h">
      <Filter>Header Files</Filter>
    </ClInclude>
    <ClInclude Include="RenderTargetView.h">
      <Filter>Header Files</Filter>
    </ClInclude>
    <ClInclude Include="ServiceProcess.h">
      <Filter>Header Files</Filter>
    </ClInclude>
    <ClInclude Include="ShaderCompiler.h">
      <Filter>Header Files</Filter>
    </ClInclude>
    <ClInclude Include="Shaders.h">
      <Filter>Header Files</Filter>
    </ClInclude>
    <ClInclude Include="States.h">
      <Filter>Header Files</Filter>
    </ClInclude>
    <ClInclude Include="SwapChain.h">
      <Filter>Header Files</Filter>
    </ClInclude>
    <ClInclude Include="Texture2d.h">
      <Filter>Header Files</Filter>
    </ClInclude>
    <ClInclude Include="VerticesBindingLayout.h">
      <Filter>Header Files</Filter>
    </ClInclude>
    <ClInclude Include="WindowBackend.h">
      <Filter>Header Files</Filter>
    </ClInclude>
  </ItemGroup>
</Project>